
Microsoft Visual Studio Solution File, Format Version 12.00
# Visual Studio Version 16
VisualStudioVersion = 16.0.31005.135
MinimumVisualStudioVersion = 10.0.40219.1
Project("{FAE04EC0-301F-11D3-BF4B-00C04F79EFBC}") = "ITMO.LabsADO.NET.DataAdapterProgram", "ITMO.LabsADO.NET.DataAdapterProgram\ITMO.LabsADO.NET.DataAdapterProgram.csproj", "{6D812B81-3315-41DC-B947-2B1A81863E8A}"
EndProject
Global
	GlobalSection(SolutionConfigurationPlatforms) = preSolution
		Debug|Any CPU = Debug|Any CPU
		Release|Any CPU = Release|Any CPU
	EndGlobalSection
	GlobalSection(ProjectConfigurationPlatforms) = postSolution
		{6D812B81-3315-41DC-B947-2B1A81863E8A}.Debug|Any CPU.ActiveCfg = Debug|Any CPU
		{6D812B81-3315-41DC-B947-2B1A81863E8A}.Debug|Any CPU.Build.0 = Debug|Any CPU
		{6D812B81-3315-41DC-B947-2B1A81863E8A}.Release|Any CPU.ActiveCfg = Release|Any CPU
		{6D812B81-3315-41DC-B947-2B1A81863E8A}.Release|Any CPU.Build.0 = Release|Any CPU
	EndGlobalSection
	GlobalSection(SolutionProperties) = preSolution
		HideSolutionNode = FALSE
	EndGlobalSection
	GlobalSection(ExtensibilityGlobals) = postSolution
		SolutionGuid = {1E2517AB-BA2E-4D62-AC26-E730DEF649BB}
	EndGlobalSection
EndGlobal
