
Microsoft Visual Studio Solution File, Format Version 12.00
# Visual Studio Version 16
VisualStudioVersion = 16.0.31005.135
MinimumVisualStudioVersion = 10.0.40219.1
Project("{FAE04EC0-301F-11D3-BF4B-00C04F79EFBC}") = "ITMO.LabsADO.NET.DataAdapterWizard", "ITMO.LabsADO.NET.DataAdapterWizard\ITMO.LabsADO.NET.DataAdapterWizard.csproj", "{B641CA3B-CA70-4218-908B-7A2B8A5DE9EF}"
EndProject
Global
	GlobalSection(SolutionConfigurationPlatforms) = preSolution
		Debug|Any CPU = Debug|Any CPU
		Release|Any CPU = Release|Any CPU
	EndGlobalSection
	GlobalSection(ProjectConfigurationPlatforms) = postSolution
		{B641CA3B-CA70-4218-908B-7A2B8A5DE9EF}.Debug|Any CPU.ActiveCfg = Debug|Any CPU
		{B641CA3B-CA70-4218-908B-7A2B8A5DE9EF}.Debug|Any CPU.Build.0 = Debug|Any CPU
		{B641CA3B-CA70-4218-908B-7A2B8A5DE9EF}.Release|Any CPU.ActiveCfg = Release|Any CPU
		{B641CA3B-CA70-4218-908B-7A2B8A5DE9EF}.Release|Any CPU.Build.0 = Release|Any CPU
	EndGlobalSection
	GlobalSection(SolutionProperties) = preSolution
		HideSolutionNode = FALSE
	EndGlobalSection
	GlobalSection(ExtensibilityGlobals) = postSolution
		SolutionGuid = {0B88B4EE-7F1A-4AF7-9BBC-3872F46B9572}
	EndGlobalSection
EndGlobal
